
Microsoft Visual Studio Solution File, Format Version 12.00
# Visual Studio Version 16
VisualStudioVersion = 25.0.1705.0
MinimumVisualStudioVersion = 10.0.40219.1
Project("{FAE04EC0-301F-11D3-BF4B-00C04F79EFBC}") = "Movie Database", "Movie Database\Movie Database.csproj", "{8806293F-2C41-497A-B1AA-80F8CD09C32E}"
EndProject
Global
	GlobalSection(SolutionConfigurationPlatforms) = preSolution
		Debug|Any CPU = Debug|Any CPU
		Release|Any CPU = Release|Any CPU
	EndGlobalSection
	GlobalSection(ProjectConfigurationPlatforms) = postSolution
		{8806293F-2C41-497A-B1AA-80F8CD09C32E}.Debug|Any CPU.ActiveCfg = Debug|Any CPU
		{8806293F-2C41-497A-B1AA-80F8CD09C32E}.Debug|Any CPU.Build.0 = Debug|Any CPU
		{8806293F-2C41-497A-B1AA-80F8CD09C32E}.Release|Any CPU.ActiveCfg = Release|Any CPU
		{8806293F-2C41-497A-B1AA-80F8CD09C32E}.Release|Any CPU.Build.0 = Release|Any CPU
	EndGlobalSection
	GlobalSection(SolutionProperties) = preSolution
		HideSolutionNode = FALSE
	EndGlobalSection
	GlobalSection(ExtensibilityGlobals) = postSolution
		SolutionGuid = {C205E781-DE67-44D3-927E-28F6B13DA3EC}
	EndGlobalSection
EndGlobal
